
Microsoft Visual Studio Solution File, Format Version 12.00
# Visual Studio Version 17
VisualStudioVersion = 17.3.32929.385
MinimumVisualStudioVersion = 10.0.40219.1
Project("{2150E333-8FDC-42A3-9474-1A3956D46DE8}") = "src", "src", "{96268FD4-5328-4959-8934-D5158ED9153D}"
EndProject
Project("{2150E333-8FDC-42A3-9474-1A3956D46DE8}") = "Solution Items", "Solution Items", "{5C3B3252-A51E-4B1D-A3D1-43EB5A43A24B}"
	ProjectSection(SolutionItems) = preProject
		global.json = global.json
	EndProjectSection
EndProject
Project("{2150E333-8FDC-42A3-9474-1A3956D46DE8}") = "Tests", "Tests", "{A8053F96-6858-43CF-9819-379814C2F727}"
EndProject
Project("{9A19103F-16F7-4668-BE54-9A1E7A4F7556}") = "DinkToPfd.TestConsoleApp", "DinkToPfd.TestConsoleApp\DinkToPfd.TestConsoleApp.csproj", "{F6D89918-0857-4427-B3A7-48C45F1C8AC9}"
EndProject
Project("{9A19103F-16F7-4668-BE54-9A1E7A4F7556}") = "DinkToPdf", "src\DinkToPdf\DinkToPdf.csproj", "{546210D5-F20B-4248-8D45-DB471CB3F958}"
EndProject
Project("{FAE04EC0-301F-11D3-BF4B-00C04F79EFBC}") = "DinkToPdf.TestThreadSafe", "DinkToPdf.TestThreadSafe\DinkToPdf.TestThreadSafe.csproj", "{C4240015-D46E-4C96-BCD5-9B0C9CC99830}"
EndProject
Project("{FAE04EC0-301F-11D3-BF4B-00C04F79EFBC}") = "DinkToPdf.TestWebServer", "DinkToPdf.TestWebServer\DinkToPdf.TestWebServer.csproj", "{EC3B327E-B366-4BB8-8EAD-59940CD1776C}"
EndProject
Global
	GlobalSection(SolutionConfigurationPlatforms) = preSolution
		Debug|Any CPU = Debug|Any CPU
		Release|Any CPU = Release|Any CPU
	EndGlobalSection
	GlobalSection(ProjectConfigurationPlatforms) = postSolution
		{F6D89918-0857-4427-B3A7-48C45F1C8AC9}.Debug|Any CPU.ActiveCfg = Debug|Any CPU
		{F6D89918-0857-4427-B3A7-48C45F1C8AC9}.Debug|Any CPU.Build.0 = Debug|Any CPU
		{F6D89918-0857-4427-B3A7-48C45F1C8AC9}.Release|Any CPU.ActiveCfg = Release|Any CPU
		{F6D89918-0857-4427-B3A7-48C45F1C8AC9}.Release|Any CPU.Build.0 = Release|Any CPU
		{546210D5-F20B-4248-8D45-DB471CB3F958}.Debug|Any CPU.ActiveCfg = Debug|Any CPU
		{546210D5-F20B-4248-8D45-DB471CB3F958}.Debug|Any CPU.Build.0 = Debug|Any CPU
		{546210D5-F20B-4248-8D45-DB471CB3F958}.Release|Any CPU.ActiveCfg = Release|Any CPU
		{546210D5-F20B-4248-8D45-DB471CB3F958}.Release|Any CPU.Build.0 = Release|Any CPU
		{C4240015-D46E-4C96-BCD5-9B0C9CC99830}.Debug|Any CPU.ActiveCfg = Debug|Any CPU
		{C4240015-D46E-4C96-BCD5-9B0C9CC99830}.Debug|Any CPU.Build.0 = Debug|Any CPU
		{C4240015-D46E-4C96-BCD5-9B0C9CC99830}.Release|Any CPU.ActiveCfg = Release|Any CPU
		{C4240015-D46E-4C96-BCD5-9B0C9CC99830}.Release|Any CPU.Build.0 = Release|Any CPU
		{EC3B327E-B366-4BB8-8EAD-59940CD1776C}.Debug|Any CPU.ActiveCfg = Debug|Any CPU
		{EC3B327E-B366-4BB8-8EAD-59940CD1776C}.Debug|Any CPU.Build.0 = Debug|Any CPU
		{EC3B327E-B366-4BB8-8EAD-59940CD1776C}.Release|Any CPU.ActiveCfg = Release|Any CPU
		{EC3B327E-B366-4BB8-8EAD-59940CD1776C}.Release|Any CPU.Build.0 = Release|Any CPU
	EndGlobalSection
	GlobalSection(SolutionProperties) = preSolution
		HideSolutionNode = FALSE
	EndGlobalSection
	GlobalSection(NestedProjects) = preSolution
		{A8053F96-6858-43CF-9819-379814C2F727} = {96268FD4-5328-4959-8934-D5158ED9153D}
		{F6D89918-0857-4427-B3A7-48C45F1C8AC9} = {A8053F96-6858-43CF-9819-379814C2F727}
		{546210D5-F20B-4248-8D45-DB471CB3F958} = {96268FD4-5328-4959-8934-D5158ED9153D}
		{C4240015-D46E-4C96-BCD5-9B0C9CC99830} = {A8053F96-6858-43CF-9819-379814C2F727}
		{EC3B327E-B366-4BB8-8EAD-59940CD1776C} = {A8053F96-6858-43CF-9819-379814C2F727}
	EndGlobalSection
	GlobalSection(ExtensibilityGlobals) = postSolution
		SolutionGuid = {91686823-1F23-4CAA-9ED9-E4C2A21FA1A5}
	EndGlobalSection
EndGlobal
